[[package]]
name = "aligned"
version = "0.1.1"
source = "registry+https://github.com/rust-lang/crates.io-index"

[[package]]
name = "alloc-cortex-m"
version = "0.3.2"
source = "registry+https://github.com/rust-lang/crates.io-index"
dependencies = [
 "cortex-m 0.1.7 (registry+https://github.com/rust-lang/crates.io-index)",
 "linked_list_allocator 0.5.0 (registry+https://github.com/rust-lang/crates.io-index)",
]

[[package]]
name = "bare-metal"
version = "0.1.1"
source = "registry+https://github.com/rust-lang/crates.io-index"

[[package]]
name = "cortex-m"
version = "0.1.7"
source = "registry+https://github.com/rust-lang/crates.io-index"
dependencies = [
 "volatile-register 0.1.2 (registry+https://github.com/rust-lang/crates.io-index)",
]

[[package]]
name = "cortex-m"
version = "0.4.3"
source = "registry+https://github.com/rust-lang/crates.io-index"
dependencies = [
 "aligned 0.1.1 (registry+https://github.com/rust-lang/crates.io-index)",
 "bare-metal 0.1.1 (registry+https://github.com/rust-lang/crates.io-index)",
 "untagged-option 0.1.1 (registry+https://github.com/rust-lang/crates.io-index)",
 "volatile-register 0.2.0 (registry+https://github.com/rust-lang/crates.io-index)",
]

[[package]]
name = "embedded-hal"
version = "0.1.2"
source = "registry+https://github.com/rust-lang/crates.io-index"
dependencies = [
 "nb 0.1.1 (registry+https://github.com/rust-lang/crates.io-index)",
]

[[package]]
name = "lazy_static"
version = "0.2.11"
source = "registry+https://github.com/rust-lang/crates.io-index"
dependencies = [
 "spin 0.4.6 (registry+https://github.com/rust-lang/crates.io-index)",
]

[[package]]
name = "linked_list_allocator"
version = "0.5.0"
source = "registry+https://github.com/rust-lang/crates.io-index"
dependencies = [
 "spin 0.4.6 (registry+https://github.com/rust-lang/crates.io-index)",
]

[[package]]
name = "lm4f120"
version = "0.9.1"
source = "registry+https://github.com/rust-lang/crates.io-index"
dependencies = [
 "cortex-m 0.4.3 (registry+https://github.com/rust-lang/crates.io-index)",
 "embedded-hal 0.1.2 (registry+https://github.com/rust-lang/crates.io-index)",
 "lazy_static 0.2.11 (registry+https://github.com/rust-lang/crates.io-index)",
 "nb 0.1.1 (registry+https://github.com/rust-lang/crates.io-index)",
 "tm4c123x 0.6.0 (registry+https://github.com/rust-lang/crates.io-index)",
 "volatile-register 0.2.0 (registry+https://github.com/rust-lang/crates.io-index)",
]

[[package]]
name = "nb"
version = "0.1.1"
source = "registry+https://github.com/rust-lang/crates.io-index"

[[package]]
name = "r0"
version = "0.1.0"
source = "registry+https://github.com/rust-lang/crates.io-index"

[[package]]
name = "rlibc"
version = "1.0.0"
source = "registry+https://github.com/rust-lang/crates.io-index"

[[package]]
name = "spin"
version = "0.4.6"
source = "registry+https://github.com/rust-lang/crates.io-index"

[[package]]
name = "state-led"
version = "0.1.0"
dependencies = [
 "embedded-hal 0.1.2 (registry+https://github.com/rust-lang/crates.io-index)",
 "stellaris-launchpad 0.10.0",
]

[[package]]
name = "stellaris-launchpad"
version = "0.10.0"
dependencies = [
 "alloc-cortex-m 0.3.2 (registry+https://github.com/rust-lang/crates.io-index)",
 "cortex-m 0.4.3 (registry+https://github.com/rust-lang/crates.io-index)",
 "embedded-hal 0.1.2 (registry+https://github.com/rust-lang/crates.io-index)",
 "lm4f120 0.9.1 (registry+https://github.com/rust-lang/crates.io-index)",
 "r0 0.1.0 (registry+https://github.com/rust-lang/crates.io-index)",
 "rlibc 1.0.0 (registry+https://github.com/rust-lang/crates.io-index)",
 "volatile-register 0.2.0 (registry+https://github.com/rust-lang/crates.io-index)",
]

[[package]]
name = "tm4c123x"
version = "0.6.0"
source = "registry+https://github.com/rust-lang/crates.io-index"
dependencies = [
 "bare-metal 0.1.1 (registry+https://github.com/rust-lang/crates.io-index)",
 "cortex-m 0.4.3 (registry+https://github.com/rust-lang/crates.io-index)",
 "vcell 0.1.0 (registry+https://github.com/rust-lang/crates.io-index)",
]

[[package]]
name = "untagged-option"
version = "0.1.1"
source = "registry+https://github.com/rust-lang/crates.io-index"

[[package]]
name = "vcell"
version = "0.1.0"
source = "registry+https://github.com/rust-lang/crates.io-index"

[[package]]
name = "volatile-register"
version = "0.1.2"
source = "registry+https://github.com/rust-lang/crates.io-index"

[[package]]
name = "volatile-register"
version = "0.2.0"
source = "registry+https://github.com/rust-lang/crates.io-index"
dependencies = [
 "vcell 0.1.0 (registry+https://github.com/rust-lang/crates.io-index)",
]

[metadata]
"checksum aligned 0.1.1 (registry+https://github.com/rust-lang/crates.io-index)" = "d1a92995cea48691c7c93e12597cca4d692bb3130d0a291c7141b9793c7829e7"
"checksum alloc-cortex-m 0.3.2 (registry+https://github.com/rust-lang/crates.io-index)" = "6d50fe460129a091991d1e47b300b9bb5b34d57fc21c035ce98124e0f90bdbbc"
"checksum bare-metal 0.1.1 (registry+https://github.com/rust-lang/crates.io-index)" = "aacbba24771a81cfe18f5aedd5bf3208ca8324ecdd9344ddb61f8d2a051a4574"
"checksum cortex-m 0.1.7 (registry+https://github.com/rust-lang/crates.io-index)" = "de9b334d0778b1ace2dfb63672594d0c0db093a3924617ad4e2f1669d32832dc"
"checksum cortex-m 0.4.3 (registry+https://github.com/rust-lang/crates.io-index)" = "2864dd1e83344abe7a6192befbeb8cd88bf763cfc560e28680d5b06a8ce9b7f7"
"checksum embedded-hal 0.1.2 (registry+https://github.com/rust-lang/crates.io-index)" = "684b1fa3196f78342296d04edc2a6e5d053729d1b64a819dcb072810d706e267"
"checksum lazy_static 0.2.11 (registry+https://github.com/rust-lang/crates.io-index)" = "76f033c7ad61445c5b347c7382dd1237847eb1bce590fe50365dcb33d546be73"
"checksum linked_list_allocator 0.5.0 (registry+https://github.com/rust-lang/crates.io-index)" = "a6420a3167cee611c9d0f53663c339e85058bf05234e9862a47bf56920db8542"
"checksum lm4f120 0.9.1 (registry+https://github.com/rust-lang/crates.io-index)" = "338106a28a9ecb41863e09281c6ca3e2e4f894d209f7f9de7b8ef171803bd2b7"
"checksum nb 0.1.1 (registry+https://github.com/rust-lang/crates.io-index)" = "69f380b5fe9fab8c0d7a6a99cda23e2cc0463bedb2cbc3aada0813b98496ecdc"
"checksum r0 0.1.0 (registry+https://github.com/rust-lang/crates.io-index)" = "1627d705506f5bf4c16126c4f85cd8c59d45c151f2aef890b45bdd4a91ca152f"
"checksum rlibc 1.0.0 (registry+https://github.com/rust-lang/crates.io-index)" = "fc874b127765f014d792f16763a81245ab80500e2ad921ed4ee9e82481ee08fe"
"checksum spin 0.4.6 (registry+https://github.com/rust-lang/crates.io-index)" = "7e4deb3c2455c73779e6d3eebceae9599fc70957e54c69fe88f93aa48e62f432"
"checksum tm4c123x 0.6.0 (registry+https://github.com/rust-lang/crates.io-index)" = "b56b8300d3f76307de384bd3fb8e9f41e1b16de3d66e183398c4b9990219cf81"
"checksum untagged-option 0.1.1 (registry+https://github.com/rust-lang/crates.io-index)" = "89553f60895e868761e18120e72077da22920614562d2f4fe98fa707fbb12fe6"
"checksum vcell 0.1.0 (registry+https://github.com/rust-lang/crates.io-index)" = "45c297f0afb6928cd08ab1ff9d95e99392595ea25ae1b5ecf822ff8764e57a0d"
"checksum volatile-register 0.1.2 (registry+https://github.com/rust-lang/crates.io-index)" = "a470889aa8f2d3ad893bd43cd90c824e63e8ac0ee5fe64c5d81a932d184fd549"
"checksum volatile-register 0.2.0 (registry+https://github.com/rust-lang/crates.io-index)" = "0d67cb4616d99b940db1d6bd28844ff97108b498a6ca850e5b6191a532063286"
